
Microsoft Visual Studio Solution File, Format Version 12.00
# Visual Studio 15
VisualStudioVersion = 15.0.27703.2042
MinimumVisualStudioVersion = 10.0.40219.1
Project("{FAE04EC0-301F-11D3-BF4B-00C04F79EFBC}") = "PinnacleDistro", "WebShop\PinnacleDistro.csproj", "{ABA9DA0D-BB44-4B5D-BE1F-4031C772DEF2}"
EndProject
Project("{FAE04EC0-301F-11D3-BF4B-00C04F79EFBC}") = "WebShop.Tests", "WebShop.Tests\WebShop.Tests.csproj", "{59D9FDD4-DC86-4C5B-B201-E0DF7B48CC2A}"
EndProject
Project("{FAE04EC0-301F-11D3-BF4B-00C04F79EFBC}") = "WebShop.Erp", "WebShop.Erp\WebShop.Erp.csproj", "{A3EF7CEA-ED27-4BA5-9B86-D6D1F52DE0F3}"
EndProject
Global
	GlobalSection(SolutionConfigurationPlatforms) = preSolution
		Debug|Any CPU = Debug|Any CPU
		Release|Any CPU = Release|Any CPU
	EndGlobalSection
	GlobalSection(ProjectConfigurationPlatforms) = postSolution
		{ABA9DA0D-BB44-4B5D-BE1F-4031C772DEF2}.Debug|Any CPU.ActiveCfg = Debug|Any CPU
		{ABA9DA0D-BB44-4B5D-BE1F-4031C772DEF2}.Debug|Any CPU.Build.0 = Debug|Any CPU
		{ABA9DA0D-BB44-4B5D-BE1F-4031C772DEF2}.Release|Any CPU.ActiveCfg = Release|Any CPU
		{ABA9DA0D-BB44-4B5D-BE1F-4031C772DEF2}.Release|Any CPU.Build.0 = Release|Any CPU
		{59D9FDD4-DC86-4C5B-B201-E0DF7B48CC2A}.Debug|Any CPU.ActiveCfg = Debug|Any CPU
		{59D9FDD4-DC86-4C5B-B201-E0DF7B48CC2A}.Debug|Any CPU.Build.0 = Debug|Any CPU
		{59D9FDD4-DC86-4C5B-B201-E0DF7B48CC2A}.Release|Any CPU.ActiveCfg = Release|Any CPU
		{59D9FDD4-DC86-4C5B-B201-E0DF7B48CC2A}.Release|Any CPU.Build.0 = Release|Any CPU
		{A3EF7CEA-ED27-4BA5-9B86-D6D1F52DE0F3}.Debug|Any CPU.ActiveCfg = Debug|Any CPU
		{A3EF7CEA-ED27-4BA5-9B86-D6D1F52DE0F3}.Debug|Any CPU.Build.0 = Debug|Any CPU
		{A3EF7CEA-ED27-4BA5-9B86-D6D1F52DE0F3}.Release|Any CPU.ActiveCfg = Release|Any CPU
		{A3EF7CEA-ED27-4BA5-9B86-D6D1F52DE0F3}.Release|Any CPU.Build.0 = Release|Any CPU
	EndGlobalSection
	GlobalSection(SolutionProperties) = preSolution
		HideSolutionNode = FALSE
	EndGlobalSection
	GlobalSection(ExtensibilityGlobals) = postSolution
		SolutionGuid = {F6B6A37B-936A-4719-873D-83D71630DDAC}
	EndGlobalSection
EndGlobal
